{
    "_meta": {
        "hash": {
            "sha256": "64f00d26466136f8b61a8265422fccac1df9de166fc9561c9bc5fc02037d61aa"
        },
        "pipfile-spec": 6,
        "requires": {
            "python_version": "3.11"
        },
        "sources": [
            {
                "name": "pypi",
                "url": "https://pypi.org/simple",
                "verify_ssl": true
            }
        ]
    },
    "default": {
        "bcrypt": {
            "hashes": [
                "sha256:12611c4b0a8b1c461646228344784a1089bc0c49975680a2f54f516e71e9b79e",
                "sha256:12f40f78dcba4aa7d1354d35acf45fae9488862a4fb695c7eeda5ace6aae273f",
                "sha256:14d41933510717f98aac63378b7956bbe548986e435df173c841d7f2bd0b2de7",
                "sha256:24c2ebd287b5b11016f31d506ca1052d068c3f9dc817160628504690376ff050",
                "sha256:2ade10e8613a3b8446214846d3ddbd56cfe9205a7d64742f0b75458c868f7492",
                "sha256:2e197534c884336f9020c1f3a8efbaab0aa96fc798068cb2da9c671818b7fbb0",
                "sha256:3d6c4e0d6963c52f8142cdea428e875042e7ce8c84812d8e5507bd1e42534e07",
                "sha256:476aa8e8aca554260159d4c7a97d6be529c8e177dbc1d443cb6b471e24e82c74",
                "sha256:755b9d27abcab678e0b8fb4d0abdebeea1f68dd1183b3f518bad8d31fa77d8be",
                "sha256:a7a7b8a87e51e5e8ca85b9fdaf3a5dc7aaf123365a09be7a27883d54b9a0c403",
                "sha256:bab33473f973e8058d1b2df8d6e095d237c49fbf7a02b527541a86a5d1dc4444",
                "sha256:c6450538a0fc32fb7ce4c6d511448c54c4ff7640b2ed81badf9898dcb9e5b737",
                "sha256:d573885b637815a7f3a3cd5f87724d7d0822da64b0ab0aa7f7c78bae534e86dc",
                "sha256:df37f5418d4f1cdcff845f60e747a015389fa4e63703c918330865e06ad80007",
                "sha256:f33b385c3e80b5a26b3a5e148e6165f873c1c202423570fdf45fe34e00e5f3e5",
                "sha256:fb931cd004a7ad36a89789caf18a54c20287ec1cd62161265344b9c4554fdb2e"
            ],
            "index": "pypi",
            "markers": "python_version >= '3.7'",
            "version": "==4.1.1"
        }
    },
    "develop": {}
}
